
Microsoft Visual Studio Solution File, Format Version 12.00
# Visual Studio Version 17
VisualStudioVersion = 17.7.34221.43
MinimumVisualStudioVersion = 10.0.40219.1
Project("{FAE04EC0-301F-11D3-BF4B-00C04F79EFBC}") = "02-Output", "02-Output\02-Output.csproj", "{50246E50-BE2E-4F95-988E-F655E31F1C52}"
EndProject
Global
	GlobalSection(SolutionConfigurationPlatforms) = preSolution
		Debug|Any CPU = Debug|Any CPU
		Release|Any CPU = Release|Any CPU
	EndGlobalSection
	GlobalSection(ProjectConfigurationPlatforms) = postSolution
		{50246E50-BE2E-4F95-988E-F655E31F1C52}.Debug|Any CPU.ActiveCfg = Debug|Any CPU
		{50246E50-BE2E-4F95-988E-F655E31F1C52}.Debug|Any CPU.Build.0 = Debug|Any CPU
		{50246E50-BE2E-4F95-988E-F655E31F1C52}.Release|Any CPU.ActiveCfg = Release|Any CPU
		{50246E50-BE2E-4F95-988E-F655E31F1C52}.Release|Any CPU.Build.0 = Release|Any CPU
	EndGlobalSection
	GlobalSection(SolutionProperties) = preSolution
		HideSolutionNode = FALSE
	EndGlobalSection
	GlobalSection(ExtensibilityGlobals) = postSolution
		SolutionGuid = {CE74D2A2-226A-4408-93FD-D4D5A45FE8B2}
	EndGlobalSection
EndGlobal
