
Microsoft Visual Studio Solution File, Format Version 12.00
# Visual Studio Version 17
VisualStudioVersion = 17.7.34221.43
MinimumVisualStudioVersion = 10.0.40219.1
Project("{FAE04EC0-301F-11D3-BF4B-00C04F79EFBC}") = "15-WhileLoops", "15-WhileLoops\15-WhileLoops.csproj", "{C3EAA484-022E-4AFD-B790-A08E10A303F1}"
EndProject
Global
	GlobalSection(SolutionConfigurationPlatforms) = preSolution
		Debug|Any CPU = Debug|Any CPU
		Release|Any CPU = Release|Any CPU
	EndGlobalSection
	GlobalSection(ProjectConfigurationPlatforms) = postSolution
		{C3EAA484-022E-4AFD-B790-A08E10A303F1}.Debug|Any CPU.ActiveCfg = Debug|Any CPU
		{C3EAA484-022E-4AFD-B790-A08E10A303F1}.Debug|Any CPU.Build.0 = Debug|Any CPU
		{C3EAA484-022E-4AFD-B790-A08E10A303F1}.Release|Any CPU.ActiveCfg = Release|Any CPU
		{C3EAA484-022E-4AFD-B790-A08E10A303F1}.Release|Any CPU.Build.0 = Release|Any CPU
	EndGlobalSection
	GlobalSection(SolutionProperties) = preSolution
		HideSolutionNode = FALSE
	EndGlobalSection
	GlobalSection(ExtensibilityGlobals) = postSolution
		SolutionGuid = {68561FB3-2694-40F9-91DF-907D7E372D79}
	EndGlobalSection
EndGlobal
