
Microsoft Visual Studio Solution File, Format Version 12.00
# Visual Studio Version 17
VisualStudioVersion = 17.7.34221.43
MinimumVisualStudioVersion = 10.0.40219.1
Project("{FAE04EC0-301F-11D3-BF4B-00C04F79EFBC}") = "24-ReturnKeyword", "24-ReturnKeyword\24-ReturnKeyword.csproj", "{306393A9-3FEE-4F63-9683-D410EF0AA147}"
EndProject
Global
	GlobalSection(SolutionConfigurationPlatforms) = preSolution
		Debug|Any CPU = Debug|Any CPU
		Release|Any CPU = Release|Any CPU
	EndGlobalSection
	GlobalSection(ProjectConfigurationPlatforms) = postSolution
		{306393A9-3FEE-4F63-9683-D410EF0AA147}.Debug|Any CPU.ActiveCfg = Debug|Any CPU
		{306393A9-3FEE-4F63-9683-D410EF0AA147}.Debug|Any CPU.Build.0 = Debug|Any CPU
		{306393A9-3FEE-4F63-9683-D410EF0AA147}.Release|Any CPU.ActiveCfg = Release|Any CPU
		{306393A9-3FEE-4F63-9683-D410EF0AA147}.Release|Any CPU.Build.0 = Release|Any CPU
	EndGlobalSection
	GlobalSection(SolutionProperties) = preSolution
		HideSolutionNode = FALSE
	EndGlobalSection
	GlobalSection(ExtensibilityGlobals) = postSolution
		SolutionGuid = {B9F63DD6-81CE-4028-A83D-1F7BD6E47EFA}
	EndGlobalSection
EndGlobal
