
Microsoft Visual Studio Solution File, Format Version 12.00
# Visual Studio Version 17
VisualStudioVersion = 17.7.34221.43
MinimumVisualStudioVersion = 10.0.40219.1
Project("{FAE04EC0-301F-11D3-BF4B-00C04F79EFBC}") = "45-ListOfObjects", "45-ListOfObjects\45-ListOfObjects.csproj", "{DACD6685-D312-4C99-8910-08A5A676D833}"
EndProject
Global
	GlobalSection(SolutionConfigurationPlatforms) = preSolution
		Debug|Any CPU = Debug|Any CPU
		Release|Any CPU = Release|Any CPU
	EndGlobalSection
	GlobalSection(ProjectConfigurationPlatforms) = postSolution
		{DACD6685-D312-4C99-8910-08A5A676D833}.Debug|Any CPU.ActiveCfg = Debug|Any CPU
		{DACD6685-D312-4C99-8910-08A5A676D833}.Debug|Any CPU.Build.0 = Debug|Any CPU
		{DACD6685-D312-4C99-8910-08A5A676D833}.Release|Any CPU.ActiveCfg = Release|Any CPU
		{DACD6685-D312-4C99-8910-08A5A676D833}.Release|Any CPU.Build.0 = Release|Any CPU
	EndGlobalSection
	GlobalSection(SolutionProperties) = preSolution
		HideSolutionNode = FALSE
	EndGlobalSection
	GlobalSection(ExtensibilityGlobals) = postSolution
		SolutionGuid = {63298363-74F3-4C25-9DC4-3D25362A5792}
	EndGlobalSection
EndGlobal
