
Microsoft Visual Studio Solution File, Format Version 12.00
# Visual Studio Version 17
VisualStudioVersion = 17.7.34221.43
MinimumVisualStudioVersion = 10.0.40219.1
Project("{FAE04EC0-301F-11D3-BF4B-00C04F79EFBC}") = "06-UserInput", "06-UserInput\06-UserInput.csproj", "{5F44D724-F3A4-47EB-AD18-7DD85FA349D3}"
EndProject
Global
	GlobalSection(SolutionConfigurationPlatforms) = preSolution
		Debug|Any CPU = Debug|Any CPU
		Release|Any CPU = Release|Any CPU
	EndGlobalSection
	GlobalSection(ProjectConfigurationPlatforms) = postSolution
		{5F44D724-F3A4-47EB-AD18-7DD85FA349D3}.Debug|Any CPU.ActiveCfg = Debug|Any CPU
		{5F44D724-F3A4-47EB-AD18-7DD85FA349D3}.Debug|Any CPU.Build.0 = Debug|Any CPU
		{5F44D724-F3A4-47EB-AD18-7DD85FA349D3}.Release|Any CPU.ActiveCfg = Release|Any CPU
		{5F44D724-F3A4-47EB-AD18-7DD85FA349D3}.Release|Any CPU.Build.0 = Release|Any CPU
	EndGlobalSection
	GlobalSection(SolutionProperties) = preSolution
		HideSolutionNode = FALSE
	EndGlobalSection
	GlobalSection(ExtensibilityGlobals) = postSolution
		SolutionGuid = {070DF43D-A1C9-4252-8CA6-D3BFE3D5C6B8}
	EndGlobalSection
EndGlobal
