
Microsoft Visual Studio Solution File, Format Version 12.00
# Visual Studio Version 17
VisualStudioVersion = 17.7.34221.43
MinimumVisualStudioVersion = 10.0.40219.1
Project("{FAE04EC0-301F-11D3-BF4B-00C04F79EFBC}") = "14-LogicalOperators", "14-LogicalOperators\14-LogicalOperators.csproj", "{FA11F239-898B-44BC-AEE1-B1F0298223DF}"
EndProject
Global
	GlobalSection(SolutionConfigurationPlatforms) = preSolution
		Debug|Any CPU = Debug|Any CPU
		Release|Any CPU = Release|Any CPU
	EndGlobalSection
	GlobalSection(ProjectConfigurationPlatforms) = postSolution
		{FA11F239-898B-44BC-AEE1-B1F0298223DF}.Debug|Any CPU.ActiveCfg = Debug|Any CPU
		{FA11F239-898B-44BC-AEE1-B1F0298223DF}.Debug|Any CPU.Build.0 = Debug|Any CPU
		{FA11F239-898B-44BC-AEE1-B1F0298223DF}.Release|Any CPU.ActiveCfg = Release|Any CPU
		{FA11F239-898B-44BC-AEE1-B1F0298223DF}.Release|Any CPU.Build.0 = Release|Any CPU
	EndGlobalSection
	GlobalSection(SolutionProperties) = preSolution
		HideSolutionNode = FALSE
	EndGlobalSection
	GlobalSection(ExtensibilityGlobals) = postSolution
		SolutionGuid = {105F6633-A860-4916-A41E-FA96C5E200F6}
	EndGlobalSection
EndGlobal
