
Microsoft Visual Studio Solution File, Format Version 12.00
# Visual Studio Version 17
VisualStudioVersion = 17.7.34221.43
MinimumVisualStudioVersion = 10.0.40219.1
Project("{FAE04EC0-301F-11D3-BF4B-00C04F79EFBC}") = "12-IfStatements", "12-IfStatements\12-IfStatements.csproj", "{86B1FEDB-B1AD-4158-8C7A-0D162FF7A696}"
EndProject
Global
	GlobalSection(SolutionConfigurationPlatforms) = preSolution
		Debug|Any CPU = Debug|Any CPU
		Release|Any CPU = Release|Any CPU
	EndGlobalSection
	GlobalSection(ProjectConfigurationPlatforms) = postSolution
		{86B1FEDB-B1AD-4158-8C7A-0D162FF7A696}.Debug|Any CPU.ActiveCfg = Debug|Any CPU
		{86B1FEDB-B1AD-4158-8C7A-0D162FF7A696}.Debug|Any CPU.Build.0 = Debug|Any CPU
		{86B1FEDB-B1AD-4158-8C7A-0D162FF7A696}.Release|Any CPU.ActiveCfg = Release|Any CPU
		{86B1FEDB-B1AD-4158-8C7A-0D162FF7A696}.Release|Any CPU.Build.0 = Release|Any CPU
	EndGlobalSection
	GlobalSection(SolutionProperties) = preSolution
		HideSolutionNode = FALSE
	EndGlobalSection
	GlobalSection(ExtensibilityGlobals) = postSolution
		SolutionGuid = {282FAED4-753A-4C68-A20F-DF57E66D0EA6}
	EndGlobalSection
EndGlobal
