
Microsoft Visual Studio Solution File, Format Version 12.00
# Visual Studio Version 17
VisualStudioVersion = 17.7.34221.43
MinimumVisualStudioVersion = 10.0.40219.1
Project("{FAE04EC0-301F-11D3-BF4B-00C04F79EFBC}") = "23-Methods", "23-Methods\23-Methods.csproj", "{E9E252EA-4526-493E-B778-10D21BEBB055}"
EndProject
Global
	GlobalSection(SolutionConfigurationPlatforms) = preSolution
		Debug|Any CPU = Debug|Any CPU
		Release|Any CPU = Release|Any CPU
	EndGlobalSection
	GlobalSection(ProjectConfigurationPlatforms) = postSolution
		{E9E252EA-4526-493E-B778-10D21BEBB055}.Debug|Any CPU.ActiveCfg = Debug|Any CPU
		{E9E252EA-4526-493E-B778-10D21BEBB055}.Debug|Any CPU.Build.0 = Debug|Any CPU
		{E9E252EA-4526-493E-B778-10D21BEBB055}.Release|Any CPU.ActiveCfg = Release|Any CPU
		{E9E252EA-4526-493E-B778-10D21BEBB055}.Release|Any CPU.Build.0 = Release|Any CPU
	EndGlobalSection
	GlobalSection(SolutionProperties) = preSolution
		HideSolutionNode = FALSE
	EndGlobalSection
	GlobalSection(ExtensibilityGlobals) = postSolution
		SolutionGuid = {60AFF6A2-D2C3-4C5E-9CC0-160E96C47E40}
	EndGlobalSection
EndGlobal
