
Microsoft Visual Studio Solution File, Format Version 12.00
# Visual Studio Version 17
VisualStudioVersion = 17.7.34221.43
MinimumVisualStudioVersion = 10.0.40219.1
Project("{FAE04EC0-301F-11D3-BF4B-00C04F79EFBC}") = "38-ArrayOfObjects", "38-ArrayOfObjects\38-ArrayOfObjects.csproj", "{F4D84ED7-748E-452C-8345-4DCE7C8C9057}"
EndProject
Global
	GlobalSection(SolutionConfigurationPlatforms) = preSolution
		Debug|Any CPU = Debug|Any CPU
		Release|Any CPU = Release|Any CPU
	EndGlobalSection
	GlobalSection(ProjectConfigurationPlatforms) = postSolution
		{F4D84ED7-748E-452C-8345-4DCE7C8C9057}.Debug|Any CPU.ActiveCfg = Debug|Any CPU
		{F4D84ED7-748E-452C-8345-4DCE7C8C9057}.Debug|Any CPU.Build.0 = Debug|Any CPU
		{F4D84ED7-748E-452C-8345-4DCE7C8C9057}.Release|Any CPU.ActiveCfg = Release|Any CPU
		{F4D84ED7-748E-452C-8345-4DCE7C8C9057}.Release|Any CPU.Build.0 = Release|Any CPU
	EndGlobalSection
	GlobalSection(SolutionProperties) = preSolution
		HideSolutionNode = FALSE
	EndGlobalSection
	GlobalSection(ExtensibilityGlobals) = postSolution
		SolutionGuid = {18FFA392-17A2-4847-A7F5-E1A31D11650E}
	EndGlobalSection
EndGlobal
