
Microsoft Visual Studio Solution File, Format Version 12.00
# Visual Studio Version 17
VisualStudioVersion = 17.7.34221.43
MinimumVisualStudioVersion = 10.0.40219.1
Project("{FAE04EC0-301F-11D3-BF4B-00C04F79EFBC}") = "22-ForEachLoop", "22-ForEachLoop\22-ForEachLoop.csproj", "{198EEC9A-55DF-469F-9DA4-24A35FF66BAC}"
EndProject
Global
	GlobalSection(SolutionConfigurationPlatforms) = preSolution
		Debug|Any CPU = Debug|Any CPU
		Release|Any CPU = Release|Any CPU
	EndGlobalSection
	GlobalSection(ProjectConfigurationPlatforms) = postSolution
		{198EEC9A-55DF-469F-9DA4-24A35FF66BAC}.Debug|Any CPU.ActiveCfg = Debug|Any CPU
		{198EEC9A-55DF-469F-9DA4-24A35FF66BAC}.Debug|Any CPU.Build.0 = Debug|Any CPU
		{198EEC9A-55DF-469F-9DA4-24A35FF66BAC}.Release|Any CPU.ActiveCfg = Release|Any CPU
		{198EEC9A-55DF-469F-9DA4-24A35FF66BAC}.Release|Any CPU.Build.0 = Release|Any CPU
	EndGlobalSection
	GlobalSection(SolutionProperties) = preSolution
		HideSolutionNode = FALSE
	EndGlobalSection
	GlobalSection(ExtensibilityGlobals) = postSolution
		SolutionGuid = {ABF40091-7AA3-46D9-84BF-E520BA28A17F}
	EndGlobalSection
EndGlobal
