
Microsoft Visual Studio Solution File, Format Version 12.00
# Visual Studio Version 17
VisualStudioVersion = 17.7.34221.43
MinimumVisualStudioVersion = 10.0.40219.1
Project("{FAE04EC0-301F-11D3-BF4B-00C04F79EFBC}") = "17-NestedLoops", "17-NestedLoops\17-NestedLoops.csproj", "{66B23E0A-EE37-438B-90A8-934CE0605A2C}"
EndProject
Global
	GlobalSection(SolutionConfigurationPlatforms) = preSolution
		Debug|Any CPU = Debug|Any CPU
		Release|Any CPU = Release|Any CPU
	EndGlobalSection
	GlobalSection(ProjectConfigurationPlatforms) = postSolution
		{66B23E0A-EE37-438B-90A8-934CE0605A2C}.Debug|Any CPU.ActiveCfg = Debug|Any CPU
		{66B23E0A-EE37-438B-90A8-934CE0605A2C}.Debug|Any CPU.Build.0 = Debug|Any CPU
		{66B23E0A-EE37-438B-90A8-934CE0605A2C}.Release|Any CPU.ActiveCfg = Release|Any CPU
		{66B23E0A-EE37-438B-90A8-934CE0605A2C}.Release|Any CPU.Build.0 = Release|Any CPU
	EndGlobalSection
	GlobalSection(SolutionProperties) = preSolution
		HideSolutionNode = FALSE
	EndGlobalSection
	GlobalSection(ExtensibilityGlobals) = postSolution
		SolutionGuid = {3A18E2C3-1039-41B4-9521-238F1EAC04F6}
	EndGlobalSection
EndGlobal
